
Microsoft Visual Studio Solution File, Format Version 12.00
# Visual Studio 15
VisualStudioVersion = 15.0.28307.102
MinimumVisualStudioVersion = 10.0.40219.1
Project("{FAE04EC0-301F-11D3-BF4B-00C04F79EFBC}") = "SandQuarry", "SandQuarry\SandQuarry.csproj", "{D4D5BBC7-6D4A-425D-B47E-4CB8328C83D5}"
EndProject
Global
	GlobalSection(SolutionConfigurationPlatforms) = preSolution
		Debug|Any CPU = Debug|Any CPU
		Release|Any CPU = Release|Any CPU
	EndGlobalSection
	GlobalSection(ProjectConfigurationPlatforms) = postSolution
		{D4D5BBC7-6D4A-425D-B47E-4CB8328C83D5}.Debug|Any CPU.ActiveCfg = Debug|Any CPU
		{D4D5BBC7-6D4A-425D-B47E-4CB8328C83D5}.Debug|Any CPU.Build.0 = Debug|Any CPU
		{D4D5BBC7-6D4A-425D-B47E-4CB8328C83D5}.Release|Any CPU.ActiveCfg = Release|Any CPU
		{D4D5BBC7-6D4A-425D-B47E-4CB8328C83D5}.Release|Any CPU.Build.0 = Release|Any CPU
	EndGlobalSection
	GlobalSection(SolutionProperties) = preSolution
		HideSolutionNode = FALSE
	EndGlobalSection
	GlobalSection(ExtensibilityGlobals) = postSolution
		SolutionGuid = {32743C25-4E56-4614-9D08-53EB62F3AB5F}
	EndGlobalSection
EndGlobal
